{
    "name": "pharse_book",
    "lockfileVersion": 2,
    "requires": true,
    "packages": {
      "": {
        "dependencies": {
          "headlessui": "^0.0.0",
          "heroicons": "^1.0.6"
        }
      },
      "node_modules/headlessui": {
        "version": "0.0.0",
        "resolved": "https://registry.npmjs.org/headlessui/-/headlessui-0.0.0.tgz",
        "integrity": "sha512-CHvacVPbl8AqIg2sBNKySUmumu7o15jSrCaTrIh9GW2Eq4y/krCN/vZFOsKCwlrhWQbO4267a8xvvP8bs+qREQ=="
      },
      "node_modules/heroicons": {
        "version": "1.0.6",
        "resolved": "https://registry.npmjs.org/heroicons/-/heroicons-1.0.6.tgz",
        "integrity": "sha512-5bxTsG2hyNBF0l+BrFlZlR5YngQNMfl0ggJjIRkMSADBQbaZMoTg47OIQzq6f1mpEZ85HEIgSC4wt5AeFM9J2Q=="
      }
    },
    "dependencies": {
      "headlessui": {
        "version": "0.0.0",
        "resolved": "https://registry.npmjs.org/headlessui/-/headlessui-0.0.0.tgz",
        "integrity": "sha512-CHvacVPbl8AqIg2sBNKySUmumu7o15jSrCaTrIh9GW2Eq4y/krCN/vZFOsKCwlrhWQbO4267a8xvvP8bs+qREQ=="
      },
      "heroicons": {
        "version": "1.0.6",
        "resolved": "https://registry.npmjs.org/heroicons/-/heroicons-1.0.6.tgz",
        "integrity": "sha512-5bxTsG2hyNBF0l+BrFlZlR5YngQNMfl0ggJjIRkMSADBQbaZMoTg47OIQzq6f1mpEZ85HEIgSC4wt5AeFM9J2Q=="
      }
    }
  }